
Microsoft Visual Studio Solution File, Format Version 12.00
# Visual Studio Version 16
VisualStudioVersion = 16.0.30907.101
MinimumVisualStudioVersion = 10.0.40219.1
Project("{9A19103F-16F7-4668-BE54-9A1E7A4F7556}") = "Tourament.Web", "Tourament.Web\Tourament.Web.csproj", "{76B8675D-78CE-4401-876A-9A370B219542}"
EndProject
Project("{9A19103F-16F7-4668-BE54-9A1E7A4F7556}") = "Tournament.Core", "Tournament.Core\Tournament.Core.csproj", "{8253C18A-65AF-4193-B29E-D54080F703D9}"
EndProject
Project("{9A19103F-16F7-4668-BE54-9A1E7A4F7556}") = "Tournament.Infrastructure", "Tournament.Infrastructure\Tournament.Infrastructure.csproj", "{8E72FAE7-7595-4F45-A40C-1A97D135B63A}"
EndProject
Global
	GlobalSection(SolutionConfigurationPlatforms) = preSolution
		Debug|Any CPU = Debug|Any CPU
		Release|Any CPU = Release|Any CPU
	EndGlobalSection
	GlobalSection(ProjectConfigurationPlatforms) = postSolution
		{76B8675D-78CE-4401-876A-9A370B219542}.Debug|Any CPU.ActiveCfg = Debug|Any CPU
		{76B8675D-78CE-4401-876A-9A370B219542}.Debug|Any CPU.Build.0 = Debug|Any CPU
		{76B8675D-78CE-4401-876A-9A370B219542}.Release|Any CPU.ActiveCfg = Release|Any CPU
		{76B8675D-78CE-4401-876A-9A370B219542}.Release|Any CPU.Build.0 = Release|Any CPU
		{8253C18A-65AF-4193-B29E-D54080F703D9}.Debug|Any CPU.ActiveCfg = Debug|Any CPU
		{8253C18A-65AF-4193-B29E-D54080F703D9}.Debug|Any CPU.Build.0 = Debug|Any CPU
		{8253C18A-65AF-4193-B29E-D54080F703D9}.Release|Any CPU.ActiveCfg = Release|Any CPU
		{8253C18A-65AF-4193-B29E-D54080F703D9}.Release|Any CPU.Build.0 = Release|Any CPU
		{8E72FAE7-7595-4F45-A40C-1A97D135B63A}.Debug|Any CPU.ActiveCfg = Debug|Any CPU
		{8E72FAE7-7595-4F45-A40C-1A97D135B63A}.Debug|Any CPU.Build.0 = Debug|Any CPU
		{8E72FAE7-7595-4F45-A40C-1A97D135B63A}.Release|Any CPU.ActiveCfg = Release|Any CPU
		{8E72FAE7-7595-4F45-A40C-1A97D135B63A}.Release|Any CPU.Build.0 = Release|Any CPU
	EndGlobalSection
	GlobalSection(SolutionProperties) = preSolution
		HideSolutionNode = FALSE
	EndGlobalSection
	GlobalSection(ExtensibilityGlobals) = postSolution
		SolutionGuid = {CDA44C97-623B-4FB5-B736-1FA9B71FC9A5}
	EndGlobalSection
EndGlobal
